
Microsoft Visual Studio Solution File, Format Version 12.00
# Visual Studio Version 16
VisualStudioVersion = 16.0.30413.136
MinimumVisualStudioVersion = 10.0.40219.1
Project("{FAE04EC0-301F-11D3-BF4B-00C04F79EFBC}") = "module", "module.csproj", "{BC1E09A8-B217-4A90-B396-E09073AE2D06}"
EndProject
Global
	GlobalSection(SolutionConfigurationPlatforms) = preSolution
		Debug|Any CPU = Debug|Any CPU
		Release|Any CPU = Release|Any CPU
	EndGlobalSection
	GlobalSection(ProjectConfigurationPlatforms) = postSolution
		{BC1E09A8-B217-4A90-B396-E09073AE2D06}.Debug|Any CPU.ActiveCfg = Debug|Any CPU
		{BC1E09A8-B217-4A90-B396-E09073AE2D06}.Debug|Any CPU.Build.0 = Debug|Any CPU
		{BC1E09A8-B217-4A90-B396-E09073AE2D06}.Release|Any CPU.ActiveCfg = Release|Any CPU
		{BC1E09A8-B217-4A90-B396-E09073AE2D06}.Release|Any CPU.Build.0 = Release|Any CPU
	EndGlobalSection
	GlobalSection(SolutionProperties) = preSolution
		HideSolutionNode = FALSE
	EndGlobalSection
	GlobalSection(ExtensibilityGlobals) = postSolution
		SolutionGuid = {18DD9D9D-0B4A-48BE-B10A-F610FEDD393E}
	EndGlobalSection
EndGlobal
